// !$*UTF8*$!
{
	archiveVersion = 1;
	classes = {
	};
	objectVersion = 55;
	objects = {

/* Begin PBXBuildFile section */
		B171FD642677565E0018B4BE /* VisionWWDC2021App.swift in Sources */ = {isa = PBXBuildFile; fileRef = B171FD632677565E0018B4BE /* VisionWWDC2021App.swift */; };
		B171FD662677565E0018B4BE /* ContentView.swift in Sources */ = {isa = PBXBuildFile; fileRef = B171FD652677565E0018B4BE /* ContentView.swift */; };
		B171FD682677565F0018B4BE /* Assets.xcassets in Resources */ = {isa = PBXBuildFile; fileRef = B171FD672677565F0018B4BE /* Assets.xcassets */; };
		B171FD6B2677565F0018B4BE /* Preview Assets.xcassets in Resources */ = {isa = PBXBuildFile; fileRef = B171FD6A2677565F0018B4BE /* Preview Assets.xcassets */; };
		B171FD752677565F0018B4BE /* VisionWWDC2021Tests.swift in Sources */ = {isa = PBXBuildFile; fileRef = B171FD742677565F0018B4BE /* VisionWWDC2021Tests.swift */; };
		B171FD7F2677565F0018B4BE /* VisionWWDC2021UITests.swift in Sources */ = {isa = PBXBuildFile; fileRef = B171FD7E2677565F0018B4BE /* VisionWWDC2021UITests.swift */; };
/* End PBXBuildFile section */

/* Begin PBXContainerItemProxy section */
		B171FD712677565F0018B4BE /* PBXContainerItemProxy */ = {
			isa = PBXContainerItemProxy;
			containerPortal = B171FD582677565E0018B4BE /* Project object */;
			proxyType = 1;
			remoteGlobalIDString = B171FD5F2677565E0018B4BE;
			remoteInfo = VisionWWDC2021;
		};
		B171FD7B2677565F0018B4BE /* PBXContainerItemProxy */ = {
			isa = PBXContainerItemProxy;
			containerPortal = B171FD582677565E0018B4BE /* Project object */;
			proxyType = 1;
			remoteGlobalIDString = B171FD5F2677565E0018B4BE;
			remoteInfo = VisionWWDC2021;
		};
/* End PBXContainerItemProxy section */

/* Begin PBXFileReference section */
		B171FD602677565E0018B4BE /* VisionWWDC2021.app */ = {isa = PBXFileReference; explicitFileType = wrapper.application; includeInIndex = 0; path = VisionWWDC2021.app; sourceTree = BUILT_PRODUCTS_DIR; };
		B171FD632677565E0018B4BE /* VisionWWDC2021App.swift */ = {isa = PBXFileReference; lastKnownFileType = sourcecode.swift; path = VisionWWDC2021App.swift; sourceTree = "<group>"; };
		B171FD652677565E0018B4BE /* ContentView.swift */ = {isa = PBXFileReference; lastKnownFileType = sourcecode.swift; path = ContentView.swift; sourceTree = "<group>"; };
		B171FD672677565F0018B4BE /* Assets.xcassets */ = {isa = PBXFileReference; lastKnownFileType = folder.assetcatalog; path = Assets.xcassets; sourceTree = "<group>"; };
		B171FD6A2677565F0018B4BE /* Preview Assets.xcassets */ = {isa = PBXFileReference; lastKnownFileType = folder.assetcatalog; path = "Preview Assets.xcassets"; sourceTree = "<group>"; };
		B171FD702677565F0018B4BE /* VisionWWDC2021Tests.xctest */ = {isa = PBXFileReference; explicitFileType = wrapper.cfbundle; includeInIndex = 0; path = VisionWWDC2021Tests.xctest; sourceTree = BUILT_PRODUCTS_DIR; };
		B171FD742677565F0018B4BE /* VisionWWDC2021Tests.swift */ = {isa = PBXFileReference; lastKnownFileType = sourcecode.swift; path = VisionWWDC2021Tests.swift; sourceTree = "<group>"; };
		B171FD7A2677565F0018B4BE /* VisionWWDC2021UITests.xctest */ = {isa = PBXFileReference; explicitFileType = wrapper.cfbundle; includeInIndex = 0; path = VisionWWDC2021UITests.xctest; sourceTree = BUILT_PRODUCTS_DIR; };
		B171FD7E2677565F0018B4BE /* VisionWWDC2021UITests.swift */ = {isa = PBXFileReference; lastKnownFileType = sourcecode.swift; path = VisionWWDC2021UITests.swift; sourceTree = "<group>"; };
/* End PBXFileReference section */

/* Begin PBXFrameworksBuildPhase section */
		B171FD5D2677565E0018B4BE /* Frameworks */ = {
			isa = PBXFrameworksBuildPhase;
			buildActionMask = 2147483647;
			files = (
			);
			runOnlyForDeploymentPostprocessing = 0;
		};
		B171FD6D2677565F0018B4BE /* Frameworks */ = {
			isa = PBXFrameworksBuildPhase;
			buildActionMask = 2147483647;
			files = (
			);
			runOnlyForDeploymentPostprocessing = 0;
		};
		B171FD772677565F0018B4BE /* Frameworks */ = {
			isa = PBXFrameworksBuildPhase;
			buildActionMask = 2147483647;
			files = (
			);
			runOnlyForDeploymentPostprocessing = 0;
		};
/* End PBXFrameworksBuildPhase section */

/* Begin PBXGroup section */
		B171FD572677565E0018B4BE = {
			isa = PBXGroup;
			children = (
				B171FD622677565E0018B4BE /* VisionWWDC2021 */,
				B171FD732677565F0018B4BE /* VisionWWDC2021Tests */,
				B171FD7D2677565F0018B4BE /* VisionWWDC2021UITests */,
				B171FD612677565E0018B4BE /* Products */,
			);
			sourceTree = "<group>";
		};
		B171FD612677565E0018B4BE /* Products */ = {
			isa = PBXGroup;
			children = (
				B171FD602677565E0018B4BE /* VisionWWDC2021.app */,
				B171FD702677565F0018B4BE /* VisionWWDC2021Tests.xctest */,
				B171FD7A2677565F0018B4BE /* VisionWWDC2021UITests.xctest */,
			);
			name = Products;
			sourceTree = "<group>";
		};
		B171FD622677565E0018B4BE /* VisionWWDC2021 */ = {
			isa = PBXGroup;
			children = (
				B171FD632677565E0018B4BE /* VisionWWDC2021App.swift */,
				B171FD652677565E0018B4BE /* ContentView.swift */,
				B171FD672677565F0018B4BE /* Assets.xcassets */,
				B171FD692677565F0018B4BE /* Preview Content */,
			);
			path = VisionWWDC2021;
			sourceTree = "<group>";
		};
		B171FD692677565F0018B4BE /* Preview Content */ = {
			isa = PBXGroup;
			children = (
				B171FD6A2677565F0018B4BE /* Preview Assets.xcassets */,
			);
			path = "Preview Content";
			sourceTree = "<group>";
		};
		B171FD732677565F0018B4BE /* VisionWWDC2021Tests */ = {
			isa = PBXGroup;
			children = (
				B171FD742677565F0018B4BE /* VisionWWDC2021Tests.swift */,
			);
			path = VisionWWDC2021Tests;
			sourceTree = "<group>";
		};
		B171FD7D2677565F0018B4BE /* VisionWWDC2021UITests */ = {
			isa = PBXGroup;
			children = (
				B171FD7E2677565F0018B4BE /* VisionWWDC2021UITests.swift */,
			);
			path = VisionWWDC2021UITests;
			sourceTree = "<group>";
		};
/* End PBXGroup section */

/* Begin PBXNativeTarget section */
		B171FD5F2677565E0018B4BE /* VisionWWDC2021 */ = {
			isa = PBXNativeTarget;
			buildConfigurationList = B171FD822677565F0018B4BE /* Build configuration list for PBXNativeTarget "VisionWWDC2021" */;
			buildPhases = (
				B171FD5C2677565E0018B4BE /* Sources */,
				B171FD5D2677565E0018B4BE /* Frameworks */,
				B171FD5E2677565E0018B4BE /* Resources */,
			);
			buildRules = (
			);
			dependencies = (
			);
			name = VisionWWDC2021;
			productName = VisionWWDC2021;
			productReference = B171FD602677565E0018B4BE /* VisionWWDC2021.app */;
			productType = "com.apple.product-type.application";
		};
		B171FD6F2677565F0018B4BE /* VisionWWDC2021Tests */ = {
			isa = PBXNativeTarget;
			buildConfigurationList = B171FD852677565F0018B4BE /* Build configuration list for PBXNativeTarget "VisionWWDC2021Tests" */;
			buildPhases = (
				B171FD6C2677565F0018B4BE /* Sources */,
				B171FD6D2677565F0018B4BE /* Frameworks */,
				B171FD6E2677565F0018B4BE /* Resources */,
			);
			buildRules = (
			);
			dependencies = (
				B171FD722677565F0018B4BE /* PBXTargetDependency */,
			);
			name = VisionWWDC2021Tests;
			productName = VisionWWDC2021Tests;
			productReference = B171FD702677565F0018B4BE /* VisionWWDC2021Tests.xctest */;
			productType = "com.apple.product-type.bundle.unit-test";
		};
		B171FD792677565F0018B4BE /* VisionWWDC2021UITests */ = {
			isa = PBXNativeTarget;
			buildConfigurationList = B171FD882677565F0018B4BE /* Build configuration list for PBXNativeTarget "VisionWWDC2021UITests" */;
			buildPhases = (
				B171FD762677565F0018B4BE /* Sources */,
				B171FD772677565F0018B4BE /* Frameworks */,
				B171FD782677565F0018B4BE /* Resources */,
			);
			buildRules = (
			);
			dependencies = (
				B171FD7C2677565F0018B4BE /* PBXTargetDependency */,
			);
			name = VisionWWDC2021UITests;
			productName = VisionWWDC2021UITests;
			productReference = B171FD7A2677565F0018B4BE /* VisionWWDC2021UITests.xctest */;
			productType = "com.apple.product-type.bundle.ui-testing";
		};
/* End PBXNativeTarget section */

/* Begin PBXProject section */
		B171FD582677565E0018B4BE /* Project object */ = {
			isa = PBXProject;
			attributes = {
				BuildIndependentTargetsInParallel = 1;
				LastSwiftUpdateCheck = 1300;
				LastUpgradeCheck = 1300;
				TargetAttributes = {
					B171FD5F2677565E0018B4BE = {
						CreatedOnToolsVersion = 13.0;
					};
					B171FD6F2677565F0018B4BE = {
						CreatedOnToolsVersion = 13.0;
						TestTargetID = B171FD5F2677565E0018B4BE;
					};
					B171FD792677565F0018B4BE = {
						CreatedOnToolsVersion = 13.0;
						TestTargetID = B171FD5F2677565E0018B4BE;
					};
				};
			};
			buildConfigurationList = B171FD5B2677565E0018B4BE /* Build configuration list for PBXProject "VisionWWDC2021" */;
			compatibilityVersion = "Xcode 13.0";
			developmentRegion = en;
			hasScannedForEncodings = 0;
			knownRegions = (
				en,
				Base,
			);
			mainGroup = B171FD572677565E0018B4BE;
			productRefGroup = B171FD612677565E0018B4BE /* Products */;
			projectDirPath = "";
			projectRoot = "";
			targets = (
				B171FD5F2677565E0018B4BE /* VisionWWDC2021 */,
				B171FD6F2677565F0018B4BE /* VisionWWDC2021Tests */,
				B171FD792677565F0018B4BE /* VisionWWDC2021UITests */,
			);
		};
/* End PBXProject section */

/* Begin PBXResourcesBuildPhase section */
		B171FD5E2677565E0018B4BE /* Resources */ = {
			isa = PBXResourcesBuildPhase;
			buildActionMask = 2147483647;
			files = (
				B171FD6B2677565F0018B4BE /* Preview Assets.xcassets in Resources */,
				B171FD682677565F0018B4BE /* Assets.xcassets in Resources */,
			);
			runOnlyForDeploymentPostprocessing = 0;
		};
		B171FD6E2677565F0018B4BE /* Resources */ = {
			isa = PBXResourcesBuildPhase;
			buildActionMask = 2147483647;
			files = (
			);
			runOnlyForDeploymentPostprocessing = 0;
		};
		B171FD782677565F0018B4BE /* Resources */ = {
			isa = PBXResourcesBuildPhase;
			buildActionMask = 2147483647;
			files = (
			);
			runOnlyForDeploymentPostprocessing = 0;
		};
/* End PBXResourcesBuildPhase section */

/* Begin PBXSourcesBuildPhase section */
		B171FD5C2677565E0018B4BE /* Sources */ = {
			isa = PBXSourcesBuildPhase;
			buildActionMask = 2147483647;
			files = (
				B171FD662677565E0018B4BE /* ContentView.swift in Sources */,
				B171FD642677565E0018B4BE /* VisionWWDC2021App.swift in Sources */,
			);
			runOnlyForDeploymentPostprocessing = 0;
		};
		B171FD6C2677565F0018B4BE /* Sources */ = {
			isa = PBXSourcesBuildPhase;
			buildActionMask = 2147483647;
			files = (
				B171FD752677565F0018B4BE /* VisionWWDC2021Tests.swift in Sources */,
			);
			runOnlyForDeploymentPostprocessing = 0;
		};
		B171FD762677565F0018B4BE /* Sources */ = {
			isa = PBXSourcesBuildPhase;
			buildActionMask = 2147483647;
			files = (
				B171FD7F2677565F0018B4BE /* VisionWWDC2021UITests.swift in Sources */,
			);
			runOnlyForDeploymentPostprocessing = 0;
		};
/* End PBXSourcesBuildPhase section */

/* Begin PBXTargetDependency section */
		B171FD722677565F0018B4BE /* PBXTargetDependency */ = {
			isa = PBXTargetDependency;
			target = B171FD5F2677565E0018B4BE /* VisionWWDC2021 */;
			targetProxy = B171FD712677565F0018B4BE /* PBXContainerItemProxy */;
		};
		B171FD7C2677565F0018B4BE /* PBXTargetDependency */ = {
			isa = PBXTargetDependency;
			target = B171FD5F2677565E0018B4BE /* VisionWWDC2021 */;
			targetProxy = B171FD7B2677565F0018B4BE /* PBXContainerItemProxy */;
		};
/* End PBXTargetDependency section */

/* Begin XCBuildConfiguration section */
		B171FD802677565F0018B4BE /* Debug */ = {
			isa = XCBuildConfiguration;
			buildSettings = {
				ALWAYS_SEARCH_USER_PATHS = NO;
				CLANG_ANALYZER_NONNULL = YES;
				CLANG_ANALYZER_NUMBER_OBJECT_CONVERSION = YES_AGGRESSIVE;
				CLANG_CXX_LANGUAGE_STANDARD = "gnu++14";
				CLANG_CXX_LIBRARY = "libc++";
				CLANG_ENABLE_MODULES = YES;
				CLANG_ENABLE_OBJC_ARC = YES;
				CLANG_ENABLE_OBJC_WEAK = YES;
				CLANG_WARN_BLOCK_CAPTURE_AUTORELEASING = YES;
				CLANG_WARN_BOOL_CONVERSION = YES;
				CLANG_WARN_COMMA = YES;
				CLANG_WARN_CONSTANT_CONVERSION = YES;
				CLANG_WARN_DEPRECATED_OBJC_IMPLEMENTATIONS = YES;
				CLANG_WARN_DIRECT_OBJC_ISA_USAGE = YES_ERROR;
				CLANG_WARN_DOCUMENTATION_COMMENTS = YES;
				CLANG_WARN_EMPTY_BODY = YES;
				CLANG_WARN_ENUM_CONVERSION = YES;
				CLANG_WARN_INFINITE_RECURSION = YES;
				CLANG_WARN_INT_CONVERSION = YES;
				CLANG_WARN_NON_LITERAL_NULL_CONVERSION = YES;
				CLANG_WARN_OBJC_IMPLICIT_RETAIN_SELF = YES;
				CLANG_WARN_OBJC_LITERAL_CONVERSION = YES;
				CLANG_WARN_OBJC_ROOT_CLASS = YES_ERROR;
				CLANG_WARN_QUOTED_INCLUDE_IN_FRAMEWORK_HEADER = YES;
				CLANG_WARN_RANGE_LOOP_ANALYSIS = YES;
				CLANG_WARN_STRICT_PROTOTYPES = YES;
				CLANG_WARN_SUSPICIOUS_MOVE = YES;
				CLANG_WARN_UNGUARDED_AVAILABILITY = YES_AGGRESSIVE;
				CLANG_WARN_UNREACHABLE_CODE = YES;
				CLANG_WARN__DUPLICATE_METHOD_MATCH = YES;
				COPY_PHASE_STRIP = NO;
				DEBUG_INFORMATION_FORMAT = dwarf;
				ENABLE_STRICT_OBJC_MSGSEND = YES;
				ENABLE_TESTABILITY = YES;
				GCC_C_LANGUAGE_STANDARD = gnu11;
				GCC_DYNAMIC_NO_PIC = NO;
				GCC_NO_COMMON_BLOCKS = YES;
				GCC_OPTIMIZATION_LEVEL = 0;
				GCC_PREPROCESSOR_DEFINITIONS = (
					"DEBUG=1",
					"$(inherited)",
				);
				GCC_WARN_64_TO_32_BIT_CONVERSION = YES;
				GCC_WARN_ABOUT_RETURN_TYPE = YES_ERROR;
				GCC_WARN_UNDECLARED_SELECTOR = YES;
				GCC_WARN_UNINITIALIZED_AUTOS = YES_AGGRESSIVE;
				GCC_WARN_UNUSED_FUNCTION = YES;
				GCC_WARN_UNUSED_VARIABLE = YES;
				IPHONEOS_DEPLOYMENT_TARGET = 15.0;
				MTL_ENABLE_DEBUG_INFO = INCLUDE_SOURCE;
				MTL_FAST_MATH = YES;
				ONLY_ACTIVE_ARCH = YES;
				SDKROOT = iphoneos;
				SWIFT_ACTIVE_COMPILATION_CONDITIONS = DEBUG;
				SWIFT_OPTIMIZATION_LEVEL = "-Onone";
			};
			name = Debug;
		};
		B171FD812677565F0018B4BE /* Release */ = {
			isa = XCBuildConfiguration;
			buildSettings = {
				ALWAYS_SEARCH_USER_PATHS = NO;
				CLANG_ANALYZER_NONNULL = YES;
				CLANG_ANALYZER_NUMBER_OBJECT_CONVERSION = YES_AGGRESSIVE;
				CLANG_CXX_LANGUAGE_STANDARD = "gnu++14";
				CLANG_CXX_LIBRARY = "libc++";
				CLANG_ENABLE_MODULES = YES;
				CLANG_ENABLE_OBJC_ARC = YES;
				CLANG_ENABLE_OBJC_WEAK = YES;
				CLANG_WARN_BLOCK_CAPTURE_AUTORELEASING = YES;
				CLANG_WARN_BOOL_CONVERSION = YES;
				CLANG_WARN_COMMA = YES;
				CLANG_WARN_CONSTANT_CONVERSION = YES;
				CLANG_WARN_DEPRECATED_OBJC_IMPLEMENTATIONS = YES;
				CLANG_WARN_DIRECT_OBJC_ISA_USAGE = YES_ERROR;
				CLANG_WARN_DOCUMENTATION_COMMENTS = YES;
				CLANG_WARN_EMPTY_BODY = YES;
				CLANG_WARN_ENUM_CONVERSION = YES;
				CLANG_WARN_INFINITE_RECURSION = YES;
				CLANG_WARN_INT_CONVERSION = YES;
				CLANG_WARN_NON_LITERAL_NULL_CONVERSION = YES;
				CLANG_WARN_OBJC_IMPLICIT_RETAIN_SELF = YES;
				CLANG_WARN_OBJC_LITERAL_CONVERSION = YES;
				CLANG_WARN_OBJC_ROOT_CLASS = YES_ERROR;
				CLANG_WARN_QUOTED_INCLUDE_IN_FRAMEWORK_HEADER = YES;
				CLANG_WARN_RANGE_LOOP_ANALYSIS = YES;
				CLANG_WARN_STRICT_PROTOTYPES = YES;
				CLANG_WARN_SUSPICIOUS_MOVE = YES;
				CLANG_WARN_UNGUARDED_AVAILABILITY = YES_AGGRESSIVE;
				CLANG_WARN_UNREACHABLE_CODE = YES;
				CLANG_WARN__DUPLICATE_METHOD_MATCH = YES;
				COPY_PHASE_STRIP = NO;
				DEBUG_INFORMATION_FORMAT = "dwarf-with-dsym";
				ENABLE_NS_ASSERTIONS = NO;
				ENABLE_STRICT_OBJC_MSGSEND = YES;
				GCC_C_LANGUAGE_STANDARD = gnu11;
				GCC_NO_COMMON_BLOCKS = YES;
				GCC_WARN_64_TO_32_BIT_CONVERSION = YES;
				GCC_WARN_ABOUT_RETURN_TYPE = YES_ERROR;
				GCC_WARN_UNDECLARED_SELECTOR = YES;
				GCC_WARN_UNINITIALIZED_AUTOS = YES_AGGRESSIVE;
				GCC_WARN_UNUSED_FUNCTION = YES;
				GCC_WARN_UNUSED_VARIABLE = YES;
				IPHONEOS_DEPLOYMENT_TARGET = 15.0;
				MTL_ENABLE_DEBUG_INFO = NO;
				MTL_FAST_MATH = YES;
				SDKROOT = iphoneos;
				SWIFT_COMPILATION_MODE = wholemodule;
				SWIFT_OPTIMIZATION_LEVEL = "-O";
				VALIDATE_PRODUCT = YES;
			};
			name = Release;
		};
		B171FD832677565F0018B4BE /* Debug */ = {
			isa = XCBuildConfiguration;
			buildSettings = {
				ASSETCATALOG_COMPILER_APPICON_NAME = AppIcon;
				ASSETCATALOG_COMPILER_GLOBAL_ACCENT_COLOR_NAME = AccentColor;
				CODE_SIGN_STYLE = Automatic;
				CURRENT_PROJECT_VERSION = 1;
				DEVELOPMENT_ASSET_PATHS = "\"VisionWWDC2021/Preview Content\"";
				DEVELOPMENT_TEAM = S3MX2GB5D3;
				ENABLE_PREVIEWS = YES;
				GENERATE_INFOPLIST_FILE = YES;
				INFOPLIST_KEY_UIApplicationSceneManifest_Generation = YES;
				INFOPLIST_KEY_UIApplicationSupportsIndirectInputEvents = YES;
				INFOPLIST_KEY_UILaunchScreen_Generation = YES;
				INFOPLIST_KEY_UISupportedInterfaceOrientations_iPad = "UIInterfaceOrientationPortrait UIInterfaceOrientationPortraitUpsideDown UIInterfaceOrientationLandscapeLeft UIInterfaceOrientationLandscapeRight";
				INFOPLIST_KEY_UISupportedInterfaceOrientations_iPhone = "UIInterfaceOrientationPortrait UIInterfaceOrientationLandscapeLeft UIInterfaceOrientationLandscapeRight";
				IPHONEOS_DEPLOYMENT_TARGET = 14.0;
				LD_RUNPATH_SEARCH_PATHS = (
					"$(inherited)",
					"@executable_path/Frameworks",
				);
				MARKETING_VERSION = 1.0;
				PRODUCT_BUNDLE_IDENTIFIER = com.lafabrik.VisionWWDC2021;
				PRODUCT_NAME = "$(TARGET_NAME)";
				SWIFT_EMIT_LOC_STRINGS = YES;
				SWIFT_VERSION = 5.0;
				TARGETED_DEVICE_FAMILY = "1,2";
			};
			name = Debug;
		};
		B171FD842677565F0018B4BE /* Release */ = {
			isa = XCBuildConfiguration;
			buildSettings = {
				ASSETCATALOG_COMPILER_APPICON_NAME = AppIcon;
				ASSETCATALOG_COMPILER_GLOBAL_ACCENT_COLOR_NAME = AccentColor;
				CODE_SIGN_STYLE = Automatic;
				CURRENT_PROJECT_VERSION = 1;
				DEVELOPMENT_ASSET_PATHS = "\"VisionWWDC2021/Preview Content\"";
				DEVELOPMENT_TEAM = S3MX2GB5D3;
				ENABLE_PREVIEWS = YES;
				GENERATE_INFOPLIST_FILE = YES;
				INFOPLIST_KEY_UIApplicationSceneManifest_Generation = YES;
				INFOPLIST_KEY_UIApplicationSupportsIndirectInputEvents = YES;
				INFOPLIST_KEY_UILaunchScreen_Generation = YES;
				INFOPLIST_KEY_UISupportedInterfaceOrientations_iPad = "UIInterfaceOrientationPortrait UIInterfaceOrientationPortraitUpsideDown UIInterfaceOrientationLandscapeLeft UIInterfaceOrientationLandscapeRight";
				INFOPLIST_KEY_UISupportedInterfaceOrientations_iPhone = "UIInterfaceOrientationPortrait UIInterfaceOrientationLandscapeLeft UIInterfaceOrientationLandscapeRight";
				IPHONEOS_DEPLOYMENT_TARGET = 14.0;
				LD_RUNPATH_SEARCH_PATHS = (
					"$(inherited)",
					"@executable_path/Frameworks",
				);
				MARKETING_VERSION = 1.0;
				PRODUCT_BUNDLE_IDENTIFIER = com.lafabrik.VisionWWDC2021;
				PRODUCT_NAME = "$(TARGET_NAME)";
				SWIFT_EMIT_LOC_STRINGS = YES;
				SWIFT_VERSION = 5.0;
				TARGETED_DEVICE_FAMILY = "1,2";
			};
			name = Release;
		};
		B171FD862677565F0018B4BE /* Debug */ = {
			isa = XCBuildConfiguration;
			buildSettings = {
				ALWAYS_EMBED_SWIFT_STANDARD_LIBRARIES = YES;
				BUNDLE_LOADER = "$(TEST_HOST)";
				CODE_SIGN_STYLE = Automatic;
				CURRENT_PROJECT_VERSION = 1;
				DEVELOPMENT_TEAM = S3MX2GB5D3;
				GENERATE_INFOPLIST_FILE = YES;
				IPHONEOS_DEPLOYMENT_TARGET = 14.0;
				LD_RUNPATH_SEARCH_PATHS = (
					"$(inherited)",
					"@executable_path/Frameworks",
					"@loader_path/Frameworks",
				);
				MARKETING_VERSION = 1.0;
				PRODUCT_BUNDLE_IDENTIFIER = com.lafabrik.VisionWWDC2021Tests;
				PRODUCT_NAME = "$(TARGET_NAME)";
				SWIFT_EMIT_LOC_STRINGS = NO;
				SWIFT_VERSION = 5.0;
				TARGETED_DEVICE_FAMILY = "1,2";
				TEST_HOST = "$(BUILT_PRODUCTS_DIR)/VisionWWDC2021.app/VisionWWDC2021";
			};
			name = Debug;
		};
		B171FD872677565F0018B4BE /* Release */ = {
			isa = XCBuildConfiguration;
			buildSettings = {
				ALWAYS_EMBED_SWIFT_STANDARD_LIBRARIES = YES;
				BUNDLE_LOADER = "$(TEST_HOST)";
				CODE_SIGN_STYLE = Automatic;
				CURRENT_PROJECT_VERSION = 1;
				DEVELOPMENT_TEAM = S3MX2GB5D3;
				GENERATE_INFOPLIST_FILE = YES;
				IPHONEOS_DEPLOYMENT_TARGET = 14.0;
				LD_RUNPATH_SEARCH_PATHS = (
					"$(inherited)",
					"@executable_path/Frameworks",
					"@loader_path/Frameworks",
				);
				MARKETING_VERSION = 1.0;
				PRODUCT_BUNDLE_IDENTIFIER = com.lafabrik.VisionWWDC2021Tests;
				PRODUCT_NAME = "$(TARGET_NAME)";
				SWIFT_EMIT_LOC_STRINGS = NO;
				SWIFT_VERSION = 5.0;
				TARGETED_DEVICE_FAMILY = "1,2";
				TEST_HOST = "$(BUILT_PRODUCTS_DIR)/VisionWWDC2021.app/VisionWWDC2021";
			};
			name = Release;
		};
		B171FD892677565F0018B4BE /* Debug */ = {
			isa = XCBuildConfiguration;
			buildSettings = {
				ALWAYS_EMBED_SWIFT_STANDARD_LIBRARIES = YES;
				CODE_SIGN_STYLE = Automatic;
				CURRENT_PROJECT_VERSION = 1;
				DEVELOPMENT_TEAM = S3MX2GB5D3;
				GENERATE_INFOPLIST_FILE = YES;
				LD_RUNPATH_SEARCH_PATHS = (
					"$(inherited)",
					"@executable_path/Frameworks",
					"@loader_path/Frameworks",
				);
				MARKETING_VERSION = 1.0;
				PRODUCT_BUNDLE_IDENTIFIER = com.lafabrik.VisionWWDC2021UITests;
				PRODUCT_NAME = "$(TARGET_NAME)";
				SWIFT_EMIT_LOC_STRINGS = NO;
				SWIFT_VERSION = 5.0;
				TARGETED_DEVICE_FAMILY = "1,2";
				TEST_TARGET_NAME = VisionWWDC2021;
			};
			name = Debug;
		};
		B171FD8A2677565F0018B4BE /* Release */ = {
			isa = XCBuildConfiguration;
			buildSettings = {
				ALWAYS_EMBED_SWIFT_STANDARD_LIBRARIES = YES;
				CODE_SIGN_STYLE = Automatic;
				CURRENT_PROJECT_VERSION = 1;
				DEVELOPMENT_TEAM = S3MX2GB5D3;
				GENERATE_INFOPLIST_FILE = YES;
				LD_RUNPATH_SEARCH_PATHS = (
					"$(inherited)",
					"@executable_path/Frameworks",
					"@loader_path/Frameworks",
				);
				MARKETING_VERSION = 1.0;
				PRODUCT_BUNDLE_IDENTIFIER = com.lafabrik.VisionWWDC2021UITests;
				PRODUCT_NAME = "$(TARGET_NAME)";
				SWIFT_EMIT_LOC_STRINGS = NO;
				SWIFT_VERSION = 5.0;
				TARGETED_DEVICE_FAMILY = "1,2";
				TEST_TARGET_NAME = VisionWWDC2021;
			};
			name = Release;
		};
/* End XCBuildConfiguration section */

/* Begin XCConfigurationList section */
		B171FD5B2677565E0018B4BE /* Build configuration list for PBXProject "VisionWWDC2021" */ = {
			isa = XCConfigurationList;
			buildConfigurations = (
				B171FD802677565F0018B4BE /* Debug */,
				B171FD812677565F0018B4BE /* Release */,
			);
			defaultConfigurationIsVisible = 0;
			defaultConfigurationName = Release;
		};
		B171FD822677565F0018B4BE /* Build configuration list for PBXNativeTarget "VisionWWDC2021" */ = {
			isa = XCConfigurationList;
			buildConfigurations = (
				B171FD832677565F0018B4BE /* Debug */,
				B171FD842677565F0018B4BE /* Release */,
			);
			defaultConfigurationIsVisible = 0;
			defaultConfigurationName = Release;
		};
		B171FD852677565F0018B4BE /* Build configuration list for PBXNativeTarget "VisionWWDC2021Tests" */ = {
			isa = XCConfigurationList;
			buildConfigurations = (
				B171FD862677565F0018B4BE /* Debug */,
				B171FD872677565F0018B4BE /* Release */,
			);
			defaultConfigurationIsVisible = 0;
			defaultConfigurationName = Release;
		};
		B171FD882677565F0018B4BE /* Build configuration list for PBXNativeTarget "VisionWWDC2021UITests" */ = {
			isa = XCConfigurationList;
			buildConfigurations = (
				B171FD892677565F0018B4BE /* Debug */,
				B171FD8A2677565F0018B4BE /* Release */,
			);
			defaultConfigurationIsVisible = 0;
			defaultConfigurationName = Release;
		};
/* End XCConfigurationList section */
	};
	rootObject = B171FD582677565E0018B4BE /* Project object */;
}
